// !$*UTF8*$!
{
	archiveVersion = 1;
	classes = {
	};
	objectVersion = 56;
	objects = {

/* Begin PBXBuildFile section */
		37DD64DA29953BF80018AA91 /* test10App.swift in Sources */ = {isa = PBXBuildFile; fileRef = 37DD64D929953BF80018AA91 /* test10App.swift */; };
		37DD64DC29953BF80018AA91 /* ContentView.swift in Sources */ = {isa = PBXBuildFile; fileRef = 37DD64DB29953BF80018AA91 /* ContentView.swift */; };
		37DD64DE29953BF90018AA91 /* Assets.xcassets in Resources */ = {isa = PBXBuildFile; fileRef = 37DD64DD29953BF90018AA91 /* Assets.xcassets */; };
		37DD64E129953BF90018AA91 /* Preview Assets.xcassets in Resources */ = {isa = PBXBuildFile; fileRef = 37DD64E029953BF90018AA91 /* Preview Assets.xcassets */; };
		37DD64EB29953BF90018AA91 /* test10Tests.swift in Sources */ = {isa = PBXBuildFile; fileRef = 37DD64EA29953BF90018AA91 /* test10Tests.swift */; };
		37DD64F529953BF90018AA91 /* test10UITests.swift in Sources */ = {isa = PBXBuildFile; fileRef = 37DD64F429953BF90018AA91 /* test10UITests.swift */; };
		37DD64F729953BF90018AA91 /* test10UITestsLaunchTests.swift in Sources */ = {isa = PBXBuildFile; fileRef = 37DD64F629953BF90018AA91 /* test10UITestsLaunchTests.swift */; };
/* End PBXBuildFile section */

/* Begin PBXContainerItemProxy section */
		37DD64E729953BF90018AA91 /* PBXContainerItemProxy */ = {
			isa = PBXContainerItemProxy;
			containerPortal = 37DD64CE29953BF80018AA91 /* Project object */;
			proxyType = 1;
			remoteGlobalIDString = 37DD64D529953BF80018AA91;
			remoteInfo = test10;
		};
		37DD64F129953BF90018AA91 /* PBXContainerItemProxy */ = {
			isa = PBXContainerItemProxy;
			containerPortal = 37DD64CE29953BF80018AA91 /* Project object */;
			proxyType = 1;
			remoteGlobalIDString = 37DD64D529953BF80018AA91;
			remoteInfo = test10;
		};
/* End PBXContainerItemProxy section */

/* Begin PBXFileReference section */
		37DD64D629953BF80018AA91 /* test10.app */ = {isa = PBXFileReference; explicitFileType = wrapper.application; includeInIndex = 0; path = test10.app; sourceTree = BUILT_PRODUCTS_DIR; };
		37DD64D929953BF80018AA91 /* test10App.swift */ = {isa = PBXFileReference; lastKnownFileType = sourcecode.swift; path = test10App.swift; sourceTree = "<group>"; };
		37DD64DB29953BF80018AA91 /* ContentView.swift */ = {isa = PBXFileReference; lastKnownFileType = sourcecode.swift; path = ContentView.swift; sourceTree = "<group>"; };
		37DD64DD29953BF90018AA91 /* Assets.xcassets */ = {isa = PBXFileReference; lastKnownFileType = folder.assetcatalog; path = Assets.xcassets; sourceTree = "<group>"; };
		37DD64E029953BF90018AA91 /* Preview Assets.xcassets */ = {isa = PBXFileReference; lastKnownFileType = folder.assetcatalog; path = "Preview Assets.xcassets"; sourceTree = "<group>"; };
		37DD64E629953BF90018AA91 /* test10Tests.xctest */ = {isa = PBXFileReference; explicitFileType = wrapper.cfbundle; includeInIndex = 0; path = test10Tests.xctest; sourceTree = BUILT_PRODUCTS_DIR; };
		37DD64EA29953BF90018AA91 /* test10Tests.swift */ = {isa = PBXFileReference; lastKnownFileType = sourcecode.swift; path = test10Tests.swift; sourceTree = "<group>"; };
		37DD64F029953BF90018AA91 /* test10UITests.xctest */ = {isa = PBXFileReference; explicitFileType = wrapper.cfbundle; includeInIndex = 0; path = test10UITests.xctest; sourceTree = BUILT_PRODUCTS_DIR; };
		37DD64F429953BF90018AA91 /* test10UITests.swift */ = {isa = PBXFileReference; lastKnownFileType = sourcecode.swift; path = test10UITests.swift; sourceTree = "<group>"; };
		37DD64F629953BF90018AA91 /* test10UITestsLaunchTests.swift */ = {isa = PBXFileReference; lastKnownFileType = sourcecode.swift; path = test10UITestsLaunchTests.swift; sourceTree = "<group>"; };
/* End PBXFileReference section */

/* Begin PBXFrameworksBuildPhase section */
		37DD64D329953BF80018AA91 /* Frameworks */ = {
			isa = PBXFrameworksBuildPhase;
			buildActionMask = 2147483647;
			files = (
			);
			runOnlyForDeploymentPostprocessing = 0;
		};
		37DD64E329953BF90018AA91 /* Frameworks */ = {
			isa = PBXFrameworksBuildPhase;
			buildActionMask = 2147483647;
			files = (
			);
			runOnlyForDeploymentPostprocessing = 0;
		};
		37DD64ED29953BF90018AA91 /* Frameworks */ = {
			isa = PBXFrameworksBuildPhase;
			buildActionMask = 2147483647;
			files = (
			);
			runOnlyForDeploymentPostprocessing = 0;
		};
/* End PBXFrameworksBuildPhase section */

/* Begin PBXGroup section */
		37DD64CD29953BF80018AA91 = {
			isa = PBXGroup;
			children = (
				37DD64D829953BF80018AA91 /* test10 */,
				37DD64E929953BF90018AA91 /* test10Tests */,
				37DD64F329953BF90018AA91 /* test10UITests */,
				37DD64D729953BF80018AA91 /* Products */,
			);
			sourceTree = "<group>";
		};
		37DD64D729953BF80018AA91 /* Products */ = {
			isa = PBXGroup;
			children = (
				37DD64D629953BF80018AA91 /* test10.app */,
				37DD64E629953BF90018AA91 /* test10Tests.xctest */,
				37DD64F029953BF90018AA91 /* test10UITests.xctest */,
			);
			name = Products;
			sourceTree = "<group>";
		};
		37DD64D829953BF80018AA91 /* test10 */ = {
			isa = PBXGroup;
			children = (
				37DD64D929953BF80018AA91 /* test10App.swift */,
				37DD64DB29953BF80018AA91 /* ContentView.swift */,
				37DD64DD29953BF90018AA91 /* Assets.xcassets */,
				37DD64DF29953BF90018AA91 /* Preview Content */,
			);
			path = test10;
			sourceTree = "<group>";
		};
		37DD64DF29953BF90018AA91 /* Preview Content */ = {
			isa = PBXGroup;
			children = (
				37DD64E029953BF90018AA91 /* Preview Assets.xcassets */,
			);
			path = "Preview Content";
			sourceTree = "<group>";
		};
		37DD64E929953BF90018AA91 /* test10Tests */ = {
			isa = PBXGroup;
			children = (
				37DD64EA29953BF90018AA91 /* test10Tests.swift */,
			);
			path = test10Tests;
			sourceTree = "<group>";
		};
		37DD64F329953BF90018AA91 /* test10UITests */ = {
			isa = PBXGroup;
			children = (
				37DD64F429953BF90018AA91 /* test10UITests.swift */,
				37DD64F629953BF90018AA91 /* test10UITestsLaunchTests.swift */,
			);
			path = test10UITests;
			sourceTree = "<group>";
		};
/* End PBXGroup section */

/* Begin PBXNativeTarget section */
		37DD64D529953BF80018AA91 /* test10 */ = {
			isa = PBXNativeTarget;
			buildConfigurationList = 37DD64FA29953BF90018AA91 /* Build configuration list for PBXNativeTarget "test10" */;
			buildPhases = (
				37DD64D229953BF80018AA91 /* Sources */,
				37DD64D329953BF80018AA91 /* Frameworks */,
				37DD64D429953BF80018AA91 /* Resources */,
			);
			buildRules = (
			);
			dependencies = (
			);
			name = test10;
			productName = test10;
			productReference = 37DD64D629953BF80018AA91 /* test10.app */;
			productType = "com.apple.product-type.application";
		};
		37DD64E529953BF90018AA91 /* test10Tests */ = {
			isa = PBXNativeTarget;
			buildConfigurationList = 37DD64FD29953BF90018AA91 /* Build configuration list for PBXNativeTarget "test10Tests" */;
			buildPhases = (
				37DD64E229953BF90018AA91 /* Sources */,
				37DD64E329953BF90018AA91 /* Frameworks */,
				37DD64E429953BF90018AA91 /* Resources */,
			);
			buildRules = (
			);
			dependencies = (
				37DD64E829953BF90018AA91 /* PBXTargetDependency */,
			);
			name = test10Tests;
			productName = test10Tests;
			productReference = 37DD64E629953BF90018AA91 /* test10Tests.xctest */;
			productType = "com.apple.product-type.bundle.unit-test";
		};
		37DD64EF29953BF90018AA91 /* test10UITests */ = {
			isa = PBXNativeTarget;
			buildConfigurationList = 37DD650029953BF90018AA91 /* Build configuration list for PBXNativeTarget "test10UITests" */;
			buildPhases = (
				37DD64EC29953BF90018AA91 /* Sources */,
				37DD64ED29953BF90018AA91 /* Frameworks */,
				37DD64EE29953BF90018AA91 /* Resources */,
			);
			buildRules = (
			);
			dependencies = (
				37DD64F229953BF90018AA91 /* PBXTargetDependency */,
			);
			name = test10UITests;
			productName = test10UITests;
			productReference = 37DD64F029953BF90018AA91 /* test10UITests.xctest */;
			productType = "com.apple.product-type.bundle.ui-testing";
		};
/* End PBXNativeTarget section */

/* Begin PBXProject section */
		37DD64CE29953BF80018AA91 /* Project object */ = {
			isa = PBXProject;
			attributes = {
				BuildIndependentTargetsInParallel = 1;
				LastSwiftUpdateCheck = 1410;
				LastUpgradeCheck = 1410;
				TargetAttributes = {
					37DD64D529953BF80018AA91 = {
						CreatedOnToolsVersion = 14.1;
					};
					37DD64E529953BF90018AA91 = {
						CreatedOnToolsVersion = 14.1;
						TestTargetID = 37DD64D529953BF80018AA91;
					};
					37DD64EF29953BF90018AA91 = {
						CreatedOnToolsVersion = 14.1;
						TestTargetID = 37DD64D529953BF80018AA91;
					};
				};
			};
			buildConfigurationList = 37DD64D129953BF80018AA91 /* Build configuration list for PBXProject "test10" */;
			compatibilityVersion = "Xcode 14.0";
			developmentRegion = en;
			hasScannedForEncodings = 0;
			knownRegions = (
				en,
				Base,
			);
			mainGroup = 37DD64CD29953BF80018AA91;
			productRefGroup = 37DD64D729953BF80018AA91 /* Products */;
			projectDirPath = "";
			projectRoot = "";
			targets = (
				37DD64D529953BF80018AA91 /* test10 */,
				37DD64E529953BF90018AA91 /* test10Tests */,
				37DD64EF29953BF90018AA91 /* test10UITests */,
			);
		};
/* End PBXProject section */

/* Begin PBXResourcesBuildPhase section */
		37DD64D429953BF80018AA91 /* Resources */ = {
			isa = PBXResourcesBuildPhase;
			buildActionMask = 2147483647;
			files = (
				37DD64E129953BF90018AA91 /* Preview Assets.xcassets in Resources */,
				37DD64DE29953BF90018AA91 /* Assets.xcassets in Resources */,
			);
			runOnlyForDeploymentPostprocessing = 0;
		};
		37DD64E429953BF90018AA91 /* Resources */ = {
			isa = PBXResourcesBuildPhase;
			buildActionMask = 2147483647;
			files = (
			);
			runOnlyForDeploymentPostprocessing = 0;
		};
		37DD64EE29953BF90018AA91 /* Resources */ = {
			isa = PBXResourcesBuildPhase;
			buildActionMask = 2147483647;
			files = (
			);
			runOnlyForDeploymentPostprocessing = 0;
		};
/* End PBXResourcesBuildPhase section */

/* Begin PBXSourcesBuildPhase section */
		37DD64D229953BF80018AA91 /* Sources */ = {
			isa = PBXSourcesBuildPhase;
			buildActionMask = 2147483647;
			files = (
				37DD64DC29953BF80018AA91 /* ContentView.swift in Sources */,
				37DD64DA29953BF80018AA91 /* test10App.swift in Sources */,
			);
			runOnlyForDeploymentPostprocessing = 0;
		};
		37DD64E229953BF90018AA91 /* Sources */ = {
			isa = PBXSourcesBuildPhase;
			buildActionMask = 2147483647;
			files = (
				37DD64EB29953BF90018AA91 /* test10Tests.swift in Sources */,
			);
			runOnlyForDeploymentPostprocessing = 0;
		};
		37DD64EC29953BF90018AA91 /* Sources */ = {
			isa = PBXSourcesBuildPhase;
			buildActionMask = 2147483647;
			files = (
				37DD64F529953BF90018AA91 /* test10UITests.swift in Sources */,
				37DD64F729953BF90018AA91 /* test10UITestsLaunchTests.swift in Sources */,
			);
			runOnlyForDeploymentPostprocessing = 0;
		};
/* End PBXSourcesBuildPhase section */

/* Begin PBXTargetDependency section */
		37DD64E829953BF90018AA91 /* PBXTargetDependency */ = {
			isa = PBXTargetDependency;
			target = 37DD64D529953BF80018AA91 /* test10 */;
			targetProxy = 37DD64E729953BF90018AA91 /* PBXContainerItemProxy */;
		};
		37DD64F229953BF90018AA91 /* PBXTargetDependency */ = {
			isa = PBXTargetDependency;
			target = 37DD64D529953BF80018AA91 /* test10 */;
			targetProxy = 37DD64F129953BF90018AA91 /* PBXContainerItemProxy */;
		};
/* End PBXTargetDependency section */

/* Begin XCBuildConfiguration section */
		37DD64F829953BF90018AA91 /* Debug */ = {
			isa = XCBuildConfiguration;
			buildSettings = {
				ALWAYS_SEARCH_USER_PATHS = NO;
				CLANG_ANALYZER_NONNULL = YES;
				CLANG_ANALYZER_NUMBER_OBJECT_CONVERSION = YES_AGGRESSIVE;
				CLANG_CXX_LANGUAGE_STANDARD = "gnu++20";
				CLANG_ENABLE_MODULES = YES;
				CLANG_ENABLE_OBJC_ARC = YES;
				CLANG_ENABLE_OBJC_WEAK = YES;
				CLANG_WARN_BLOCK_CAPTURE_AUTORELEASING = YES;
				CLANG_WARN_BOOL_CONVERSION = YES;
				CLANG_WARN_COMMA = YES;
				CLANG_WARN_CONSTANT_CONVERSION = YES;
				CLANG_WARN_DEPRECATED_OBJC_IMPLEMENTATIONS = YES;
				CLANG_WARN_DIRECT_OBJC_ISA_USAGE = YES_ERROR;
				CLANG_WARN_DOCUMENTATION_COMMENTS = YES;
				CLANG_WARN_EMPTY_BODY = YES;
				CLANG_WARN_ENUM_CONVERSION = YES;
				CLANG_WARN_INFINITE_RECURSION = YES;
				CLANG_WARN_INT_CONVERSION = YES;
				CLANG_WARN_NON_LITERAL_NULL_CONVERSION = YES;
				CLANG_WARN_OBJC_IMPLICIT_RETAIN_SELF = YES;
				CLANG_WARN_OBJC_LITERAL_CONVERSION = YES;
				CLANG_WARN_OBJC_ROOT_CLASS = YES_ERROR;
				CLANG_WARN_QUOTED_INCLUDE_IN_FRAMEWORK_HEADER = YES;
				CLANG_WARN_RANGE_LOOP_ANALYSIS = YES;
				CLANG_WARN_STRICT_PROTOTYPES = YES;
				CLANG_WARN_SUSPICIOUS_MOVE = YES;
				CLANG_WARN_UNGUARDED_AVAILABILITY = YES_AGGRESSIVE;
				CLANG_WARN_UNREACHABLE_CODE = YES;
				CLANG_WARN__DUPLICATE_METHOD_MATCH = YES;
				COPY_PHASE_STRIP = NO;
				DEBUG_INFORMATION_FORMAT = dwarf;
				ENABLE_STRICT_OBJC_MSGSEND = YES;
				ENABLE_TESTABILITY = YES;
				GCC_C_LANGUAGE_STANDARD = gnu11;
				GCC_DYNAMIC_NO_PIC = NO;
				GCC_NO_COMMON_BLOCKS = YES;
				GCC_OPTIMIZATION_LEVEL = 0;
				GCC_PREPROCESSOR_DEFINITIONS = (
					"DEBUG=1",
					"$(inherited)",
				);
				GCC_WARN_64_TO_32_BIT_CONVERSION = YES;
				GCC_WARN_ABOUT_RETURN_TYPE = YES_ERROR;
				GCC_WARN_UNDECLARED_SELECTOR = YES;
				GCC_WARN_UNINITIALIZED_AUTOS = YES_AGGRESSIVE;
				GCC_WARN_UNUSED_FUNCTION = YES;
				GCC_WARN_UNUSED_VARIABLE = YES;
				IPHONEOS_DEPLOYMENT_TARGET = 16.1;
				MTL_ENABLE_DEBUG_INFO = INCLUDE_SOURCE;
				MTL_FAST_MATH = YES;
				ONLY_ACTIVE_ARCH = YES;
				SDKROOT = iphoneos;
				SWIFT_ACTIVE_COMPILATION_CONDITIONS = DEBUG;
				SWIFT_OPTIMIZATION_LEVEL = "-Onone";
			};
			name = Debug;
		};
		37DD64F929953BF90018AA91 /* Release */ = {
			isa = XCBuildConfiguration;
			buildSettings = {
				ALWAYS_SEARCH_USER_PATHS = NO;
				CLANG_ANALYZER_NONNULL = YES;
				CLANG_ANALYZER_NUMBER_OBJECT_CONVERSION = YES_AGGRESSIVE;
				CLANG_CXX_LANGUAGE_STANDARD = "gnu++20";
				CLANG_ENABLE_MODULES = YES;
				CLANG_ENABLE_OBJC_ARC = YES;
				CLANG_ENABLE_OBJC_WEAK = YES;
				CLANG_WARN_BLOCK_CAPTURE_AUTORELEASING = YES;
				CLANG_WARN_BOOL_CONVERSION = YES;
				CLANG_WARN_COMMA = YES;
				CLANG_WARN_CONSTANT_CONVERSION = YES;
				CLANG_WARN_DEPRECATED_OBJC_IMPLEMENTATIONS = YES;
				CLANG_WARN_DIRECT_OBJC_ISA_USAGE = YES_ERROR;
				CLANG_WARN_DOCUMENTATION_COMMENTS = YES;
				CLANG_WARN_EMPTY_BODY = YES;
				CLANG_WARN_ENUM_CONVERSION = YES;
				CLANG_WARN_INFINITE_RECURSION = YES;
				CLANG_WARN_INT_CONVERSION = YES;
				CLANG_WARN_NON_LITERAL_NULL_CONVERSION = YES;
				CLANG_WARN_OBJC_IMPLICIT_RETAIN_SELF = YES;
				CLANG_WARN_OBJC_LITERAL_CONVERSION = YES;
				CLANG_WARN_OBJC_ROOT_CLASS = YES_ERROR;
				CLANG_WARN_QUOTED_INCLUDE_IN_FRAMEWORK_HEADER = YES;
				CLANG_WARN_RANGE_LOOP_ANALYSIS = YES;
				CLANG_WARN_STRICT_PROTOTYPES = YES;
				CLANG_WARN_SUSPICIOUS_MOVE = YES;
				CLANG_WARN_UNGUARDED_AVAILABILITY = YES_AGGRESSIVE;
				CLANG_WARN_UNREACHABLE_CODE = YES;
				CLANG_WARN__DUPLICATE_METHOD_MATCH = YES;
				COPY_PHASE_STRIP = NO;
				DEBUG_INFORMATION_FORMAT = "dwarf-with-dsym";
				ENABLE_NS_ASSERTIONS = NO;
				ENABLE_STRICT_OBJC_MSGSEND = YES;
				GCC_C_LANGUAGE_STANDARD = gnu11;
				GCC_NO_COMMON_BLOCKS = YES;
				GCC_WARN_64_TO_32_BIT_CONVERSION = YES;
				GCC_WARN_ABOUT_RETURN_TYPE = YES_ERROR;
				GCC_WARN_UNDECLARED_SELECTOR = YES;
				GCC_WARN_UNINITIALIZED_AUTOS = YES_AGGRESSIVE;
				GCC_WARN_UNUSED_FUNCTION = YES;
				GCC_WARN_UNUSED_VARIABLE = YES;
				IPHONEOS_DEPLOYMENT_TARGET = 16.1;
				MTL_ENABLE_DEBUG_INFO = NO;
				MTL_FAST_MATH = YES;
				SDKROOT = iphoneos;
				SWIFT_COMPILATION_MODE = wholemodule;
				SWIFT_OPTIMIZATION_LEVEL = "-O";
				VALIDATE_PRODUCT = YES;
			};
			name = Release;
		};
		37DD64FB29953BF90018AA91 /* Debug */ = {
			isa = XCBuildConfiguration;
			buildSettings = {
				ASSETCATALOG_COMPILER_APPICON_NAME = AppIcon;
				ASSETCATALOG_COMPILER_GLOBAL_ACCENT_COLOR_NAME = AccentColor;
				CODE_SIGN_STYLE = Automatic;
				CURRENT_PROJECT_VERSION = 1;
				DEVELOPMENT_ASSET_PATHS = "\"test10/Preview Content\"";
				ENABLE_PREVIEWS = YES;
				GENERATE_INFOPLIST_FILE = YES;
				INFOPLIST_KEY_UIApplicationSceneManifest_Generation = YES;
				INFOPLIST_KEY_UIApplicationSupportsIndirectInputEvents = YES;
				INFOPLIST_KEY_UILaunchScreen_Generation = YES;
				INFOPLIST_KEY_UISupportedInterfaceOrientations_iPad = "UIInterfaceOrientationPortrait UIInterfaceOrientationPortraitUpsideDown UIInterfaceOrientationLandscapeLeft UIInterfaceOrientationLandscapeRight";
				INFOPLIST_KEY_UISupportedInterfaceOrientations_iPhone = "UIInterfaceOrientationPortrait UIInterfaceOrientationLandscapeLeft UIInterfaceOrientationLandscapeRight";
				LD_RUNPATH_SEARCH_PATHS = (
					"$(inherited)",
					"@executable_path/Frameworks",
				);
				MARKETING_VERSION = 1.0;
				PRODUCT_BUNDLE_IDENTIFIER = test.test10;
				PRODUCT_NAME = "$(TARGET_NAME)";
				SWIFT_EMIT_LOC_STRINGS = YES;
				SWIFT_VERSION = 5.0;
				TARGETED_DEVICE_FAMILY = "1,2";
			};
			name = Debug;
		};
		37DD64FC29953BF90018AA91 /* Release */ = {
			isa = XCBuildConfiguration;
			buildSettings = {
				ASSETCATALOG_COMPILER_APPICON_NAME = AppIcon;
				ASSETCATALOG_COMPILER_GLOBAL_ACCENT_COLOR_NAME = AccentColor;
				CODE_SIGN_STYLE = Automatic;
				CURRENT_PROJECT_VERSION = 1;
				DEVELOPMENT_ASSET_PATHS = "\"test10/Preview Content\"";
				ENABLE_PREVIEWS = YES;
				GENERATE_INFOPLIST_FILE = YES;
				INFOPLIST_KEY_UIApplicationSceneManifest_Generation = YES;
				INFOPLIST_KEY_UIApplicationSupportsIndirectInputEvents = YES;
				INFOPLIST_KEY_UILaunchScreen_Generation = YES;
				INFOPLIST_KEY_UISupportedInterfaceOrientations_iPad = "UIInterfaceOrientationPortrait UIInterfaceOrientationPortraitUpsideDown UIInterfaceOrientationLandscapeLeft UIInterfaceOrientationLandscapeRight";
				INFOPLIST_KEY_UISupportedInterfaceOrientations_iPhone = "UIInterfaceOrientationPortrait UIInterfaceOrientationLandscapeLeft UIInterfaceOrientationLandscapeRight";
				LD_RUNPATH_SEARCH_PATHS = (
					"$(inherited)",
					"@executable_path/Frameworks",
				);
				MARKETING_VERSION = 1.0;
				PRODUCT_BUNDLE_IDENTIFIER = test.test10;
				PRODUCT_NAME = "$(TARGET_NAME)";
				SWIFT_EMIT_LOC_STRINGS = YES;
				SWIFT_VERSION = 5.0;
				TARGETED_DEVICE_FAMILY = "1,2";
			};
			name = Release;
		};
		37DD64FE29953BF90018AA91 /* Debug */ = {
			isa = XCBuildConfiguration;
			buildSettings = {
				ALWAYS_EMBED_SWIFT_STANDARD_LIBRARIES = YES;
				BUNDLE_LOADER = "$(TEST_HOST)";
				CODE_SIGN_STYLE = Automatic;
				CURRENT_PROJECT_VERSION = 1;
				GENERATE_INFOPLIST_FILE = YES;
				IPHONEOS_DEPLOYMENT_TARGET = 16.1;
				MARKETING_VERSION = 1.0;
				PRODUCT_BUNDLE_IDENTIFIER = test.test10Tests;
				PRODUCT_NAME = "$(TARGET_NAME)";
				SWIFT_EMIT_LOC_STRINGS = NO;
				SWIFT_VERSION = 5.0;
				TARGETED_DEVICE_FAMILY = "1,2";
				TEST_HOST = "$(BUILT_PRODUCTS_DIR)/test10.app/$(BUNDLE_EXECUTABLE_FOLDER_PATH)/test10";
			};
			name = Debug;
		};
		37DD64FF29953BF90018AA91 /* Release */ = {
			isa = XCBuildConfiguration;
			buildSettings = {
				ALWAYS_EMBED_SWIFT_STANDARD_LIBRARIES = YES;
				BUNDLE_LOADER = "$(TEST_HOST)";
				CODE_SIGN_STYLE = Automatic;
				CURRENT_PROJECT_VERSION = 1;
				GENERATE_INFOPLIST_FILE = YES;
				IPHONEOS_DEPLOYMENT_TARGET = 16.1;
				MARKETING_VERSION = 1.0;
				PRODUCT_BUNDLE_IDENTIFIER = test.test10Tests;
				PRODUCT_NAME = "$(TARGET_NAME)";
				SWIFT_EMIT_LOC_STRINGS = NO;
				SWIFT_VERSION = 5.0;
				TARGETED_DEVICE_FAMILY = "1,2";
				TEST_HOST = "$(BUILT_PRODUCTS_DIR)/test10.app/$(BUNDLE_EXECUTABLE_FOLDER_PATH)/test10";
			};
			name = Release;
		};
		37DD650129953BF90018AA91 /* Debug */ = {
			isa = XCBuildConfiguration;
			buildSettings = {
				ALWAYS_EMBED_SWIFT_STANDARD_LIBRARIES = YES;
				CODE_SIGN_STYLE = Automatic;
				CURRENT_PROJECT_VERSION = 1;
				GENERATE_INFOPLIST_FILE = YES;
				MARKETING_VERSION = 1.0;
				PRODUCT_BUNDLE_IDENTIFIER = test.test10UITests;
				PRODUCT_NAME = "$(TARGET_NAME)";
				SWIFT_EMIT_LOC_STRINGS = NO;
				SWIFT_VERSION = 5.0;
				TARGETED_DEVICE_FAMILY = "1,2";
				TEST_TARGET_NAME = test10;
			};
			name = Debug;
		};
		37DD650229953BF90018AA91 /* Release */ = {
			isa = XCBuildConfiguration;
			buildSettings = {
				ALWAYS_EMBED_SWIFT_STANDARD_LIBRARIES = YES;
				CODE_SIGN_STYLE = Automatic;
				CURRENT_PROJECT_VERSION = 1;
				GENERATE_INFOPLIST_FILE = YES;
				MARKETING_VERSION = 1.0;
				PRODUCT_BUNDLE_IDENTIFIER = test.test10UITests;
				PRODUCT_NAME = "$(TARGET_NAME)";
				SWIFT_EMIT_LOC_STRINGS = NO;
				SWIFT_VERSION = 5.0;
				TARGETED_DEVICE_FAMILY = "1,2";
				TEST_TARGET_NAME = test10;
			};
			name = Release;
		};
/* End XCBuildConfiguration section */

/* Begin XCConfigurationList section */
		37DD64D129953BF80018AA91 /* Build configuration list for PBXProject "test10" */ = {
			isa = XCConfigurationList;
			buildConfigurations = (
				37DD64F829953BF90018AA91 /* Debug */,
				37DD64F929953BF90018AA91 /* Release */,
			);
			defaultConfigurationIsVisible = 0;
			defaultConfigurationName = Release;
		};
		37DD64FA29953BF90018AA91 /* Build configuration list for PBXNativeTarget "test10" */ = {
			isa = XCConfigurationList;
			buildConfigurations = (
				37DD64FB29953BF90018AA91 /* Debug */,
				37DD64FC29953BF90018AA91 /* Release */,
			);
			defaultConfigurationIsVisible = 0;
			defaultConfigurationName = Release;
		};
		37DD64FD29953BF90018AA91 /* Build configuration list for PBXNativeTarget "test10Tests" */ = {
			isa = XCConfigurationList;
			buildConfigurations = (
				37DD64FE29953BF90018AA91 /* Debug */,
				37DD64FF29953BF90018AA91 /* Release */,
			);
			defaultConfigurationIsVisible = 0;
			defaultConfigurationName = Release;
		};
		37DD650029953BF90018AA91 /* Build configuration list for PBXNativeTarget "test10UITests" */ = {
			isa = XCConfigurationList;
			buildConfigurations = (
				37DD650129953BF90018AA91 /* Debug */,
				37DD650229953BF90018AA91 /* Release */,
			);
			defaultConfigurationIsVisible = 0;
			defaultConfigurationName = Release;
		};
/* End XCConfigurationList section */
	};
	rootObject = 37DD64CE29953BF80018AA91 /* Project object */;
}
